
Microsoft Visual Studio Solution File, Format Version 12.00
# Visual Studio 14
VisualStudioVersion = 14.0.25420.1
MinimumVisualStudioVersion = 10.0.40219.1
Project("{FAE04EC0-301F-11D3-BF4B-00C04F79EFBC}") = "PlanGoGo", "PlanGoGo\PlanGoGo.csproj", "{B0AA36E1-7C9F-433C-81B1-C2B6DB0E2C30}"
	ProjectSection(ProjectDependencies) = postProject
		{3B764F47-B524-48C0-9512-B03A4F804B16} = {3B764F47-B524-48C0-9512-B03A4F804B16}
		{9939494A-A7E1-473C-AF0A-1A4851F21245} = {9939494A-A7E1-473C-AF0A-1A4851F21245}
		{59ACB6F7-A5A2-4532-9296-E06804D0C7CF} = {59ACB6F7-A5A2-4532-9296-E06804D0C7CF}
	EndProjectSection
EndProject
Project("{FAE04EC0-301F-11D3-BF4B-00C04F79EFBC}") = "BusinessEntites", "BusinessEntites\BusinessEntites.csproj", "{59ACB6F7-A5A2-4532-9296-E06804D0C7CF}"
EndProject
Project("{FAE04EC0-301F-11D3-BF4B-00C04F79EFBC}") = "CommonObjects", "CommonObjects\CommonObjects.csproj", "{F2CCD111-1606-4D20-A9F6-27FE0BB71AC6}"
EndProject
Project("{FAE04EC0-301F-11D3-BF4B-00C04F79EFBC}") = "DataAccessLayer", "DataAccessLayer\DataAccessLayer.csproj", "{3AECE02D-E791-4B1A-94D6-A50AC4040ADA}"
EndProject
Project("{FAE04EC0-301F-11D3-BF4B-00C04F79EFBC}") = "BusinessAccessLayer", "BusinessAccessLayer\BusinessAccessLayer.csproj", "{B6AEB073-EEC0-4672-818C-547F754DDB7C}"
EndProject
Project("{FAE04EC0-301F-11D3-BF4B-00C04F79EFBC}") = "PlanGoGoService", "PlanGoGoService\PlanGoGoService.csproj", "{3B764F47-B524-48C0-9512-B03A4F804B16}"
	ProjectSection(ProjectDependencies) = postProject
		{3AECE02D-E791-4B1A-94D6-A50AC4040ADA} = {3AECE02D-E791-4B1A-94D6-A50AC4040ADA}
	EndProjectSection
EndProject
Project("{2150E333-8FDC-42A3-9474-1A3956D46DE8}") = "DataBases", "DataBases", "{E7E3E5DB-2066-4D11-AF18-75234F7E621D}"
EndProject
Project("{00D1A9C2-B5F0-4AF3-8072-F6C62B433612}") = "Attractions", "Attractions\Attractions.sqlproj", "{21727476-EBF6-4DA4-9F24-A4A761795318}"
EndProject
Project("{2150E333-8FDC-42A3-9474-1A3956D46DE8}") = "UI", "UI", "{986C9AC4-AC83-44F2-8F30-1750F66AEE35}"
EndProject
Project("{FAE04EC0-301F-11D3-BF4B-00C04F79EFBC}") = "PlanGoGoAdmin", "PlanGoGoAdmin\PlanGoGoAdmin.csproj", "{4C4E993F-DDAA-4CDF-8CAC-F1DE98D9E70D}"
	ProjectSection(ProjectDependencies) = postProject
		{3B764F47-B524-48C0-9512-B03A4F804B16} = {3B764F47-B524-48C0-9512-B03A4F804B16}
	EndProjectSection
EndProject
Project("{2150E333-8FDC-42A3-9474-1A3956D46DE8}") = "Services", "Services", "{D72FFA1C-E27D-4DD4-B86C-319C80BD94EB}"
EndProject
Project("{2150E333-8FDC-42A3-9474-1A3956D46DE8}") = "Helper", "Helper", "{98CB5F4C-4203-4872-A647-33EE5C4DD8BA}"
EndProject
Project("{2150E333-8FDC-42A3-9474-1A3956D46DE8}") = "SupportObjects", "SupportObjects", "{7285065D-9C44-478D-9098-9A1E2A83C5F2}"
EndProject
Project("{2150E333-8FDC-42A3-9474-1A3956D46DE8}") = "Common", "Common", "{D77F5573-6777-4CF8-BBDA-7B094BD79397}"
EndProject
Project("{FAE04EC0-301F-11D3-BF4B-00C04F79EFBC}") = "Interfaces", "Interfaces\Interfaces.csproj", "{228C6FFC-078F-482B-8B8C-CC8266D3FC3C}"
EndProject
Project("{2150E333-8FDC-42A3-9474-1A3956D46DE8}") = "Schedulers", "Schedulers", "{041FA24C-5985-40F3-AA4E-AC5026B2EC0D}"
EndProject
Project("{FAE04EC0-301F-11D3-BF4B-00C04F79EFBC}") = "GoogleMapsWebAPI", "GoogleMapsWebAPI\GoogleMapsWebAPI.csproj", "{1CF0E415-D916-4866-B306-80F3CAA9B487}"
	ProjectSection(ProjectDependencies) = postProject
		{3AECE02D-E791-4B1A-94D6-A50AC4040ADA} = {3AECE02D-E791-4B1A-94D6-A50AC4040ADA}
		{3B764F47-B524-48C0-9512-B03A4F804B16} = {3B764F47-B524-48C0-9512-B03A4F804B16}
		{B6AEB073-EEC0-4672-818C-547F754DDB7C} = {B6AEB073-EEC0-4672-818C-547F754DDB7C}
	EndProjectSection
EndProject
Project("{FAE04EC0-301F-11D3-BF4B-00C04F79EFBC}") = "HelperFunctions", "HelperFunctions\HelperFunctions.csproj", "{48DBFB0D-7731-402D-B172-76FFA6251858}"
EndProject
Project("{FAE04EC0-301F-11D3-BF4B-00C04F79EFBC}") = "GoogleMapsAPI", "GoogleMapsAPI\GoogleMapsAPI.csproj", "{F3DFCACC-3110-4D28-9344-2C47923DA332}"
EndProject
Project("{00D1A9C2-B5F0-4AF3-8072-F6C62B433612}") = "AttractionsUSA", "AttractionsUSA\AttractionsUSA.sqlproj", "{E9D31C50-F5A9-497A-B9CC-3F3D1AED740E}"
EndProject
Project("{00D1A9C2-B5F0-4AF3-8072-F6C62B433612}") = "AttractionsCanada", "AttractionsCanada\AttractionsCanada.sqlproj", "{F3A188FE-33DA-4C48-8F46-406212B0DD5B}"
EndProject
Project("{FAE04EC0-301F-11D3-BF4B-00C04F79EFBC}") = "ServiceClient", "ServiceClient\ServiceClient.csproj", "{9939494A-A7E1-473C-AF0A-1A4851F21245}"
	ProjectSection(ProjectDependencies) = postProject
		{3B764F47-B524-48C0-9512-B03A4F804B16} = {3B764F47-B524-48C0-9512-B03A4F804B16}
	EndProjectSection
EndProject
Project("{FAE04EC0-301F-11D3-BF4B-00C04F79EFBC}") = "CommFunction", "CommFunction\CommFunction.csproj", "{A0E144EA-6831-4BBD-B9E1-0947729784B0}"
EndProject
Global
	GlobalSection(SolutionConfigurationPlatforms) = preSolution
		Debug|Any CPU = Debug|Any CPU
		Release|Any CPU = Release|Any CPU
	EndGlobalSection
	GlobalSection(ProjectConfigurationPlatforms) = postSolution
		{B0AA36E1-7C9F-433C-81B1-C2B6DB0E2C30}.Debug|Any CPU.ActiveCfg = Debug|Any CPU
		{B0AA36E1-7C9F-433C-81B1-C2B6DB0E2C30}.Debug|Any CPU.Build.0 = Debug|Any CPU
		{B0AA36E1-7C9F-433C-81B1-C2B6DB0E2C30}.Release|Any CPU.ActiveCfg = Release|Any CPU
		{B0AA36E1-7C9F-433C-81B1-C2B6DB0E2C30}.Release|Any CPU.Build.0 = Release|Any CPU
		{59ACB6F7-A5A2-4532-9296-E06804D0C7CF}.Debug|Any CPU.ActiveCfg = Debug|Any CPU
		{59ACB6F7-A5A2-4532-9296-E06804D0C7CF}.Debug|Any CPU.Build.0 = Debug|Any CPU
		{59ACB6F7-A5A2-4532-9296-E06804D0C7CF}.Release|Any CPU.ActiveCfg = Release|Any CPU
		{59ACB6F7-A5A2-4532-9296-E06804D0C7CF}.Release|Any CPU.Build.0 = Release|Any CPU
		{F2CCD111-1606-4D20-A9F6-27FE0BB71AC6}.Debug|Any CPU.ActiveCfg = Debug|Any CPU
		{F2CCD111-1606-4D20-A9F6-27FE0BB71AC6}.Debug|Any CPU.Build.0 = Debug|Any CPU
		{F2CCD111-1606-4D20-A9F6-27FE0BB71AC6}.Release|Any CPU.ActiveCfg = Release|Any CPU
		{F2CCD111-1606-4D20-A9F6-27FE0BB71AC6}.Release|Any CPU.Build.0 = Release|Any CPU
		{3AECE02D-E791-4B1A-94D6-A50AC4040ADA}.Debug|Any CPU.ActiveCfg = Debug|Any CPU
		{3AECE02D-E791-4B1A-94D6-A50AC4040ADA}.Debug|Any CPU.Build.0 = Debug|Any CPU
		{3AECE02D-E791-4B1A-94D6-A50AC4040ADA}.Release|Any CPU.ActiveCfg = Release|Any CPU
		{3AECE02D-E791-4B1A-94D6-A50AC4040ADA}.Release|Any CPU.Build.0 = Release|Any CPU
		{B6AEB073-EEC0-4672-818C-547F754DDB7C}.Debug|Any CPU.ActiveCfg = Debug|Any CPU
		{B6AEB073-EEC0-4672-818C-547F754DDB7C}.Debug|Any CPU.Build.0 = Debug|Any CPU
		{B6AEB073-EEC0-4672-818C-547F754DDB7C}.Release|Any CPU.ActiveCfg = Release|Any CPU
		{B6AEB073-EEC0-4672-818C-547F754DDB7C}.Release|Any CPU.Build.0 = Release|Any CPU
		{3B764F47-B524-48C0-9512-B03A4F804B16}.Debug|Any CPU.ActiveCfg = Debug|Any CPU
		{3B764F47-B524-48C0-9512-B03A4F804B16}.Debug|Any CPU.Build.0 = Debug|Any CPU
		{3B764F47-B524-48C0-9512-B03A4F804B16}.Release|Any CPU.ActiveCfg = Release|Any CPU
		{3B764F47-B524-48C0-9512-B03A4F804B16}.Release|Any CPU.Build.0 = Release|Any CPU
		{21727476-EBF6-4DA4-9F24-A4A761795318}.Debug|Any CPU.ActiveCfg = Debug|Any CPU
		{21727476-EBF6-4DA4-9F24-A4A761795318}.Debug|Any CPU.Build.0 = Debug|Any CPU
		{21727476-EBF6-4DA4-9F24-A4A761795318}.Debug|Any CPU.Deploy.0 = Debug|Any CPU
		{21727476-EBF6-4DA4-9F24-A4A761795318}.Release|Any CPU.ActiveCfg = Release|Any CPU
		{21727476-EBF6-4DA4-9F24-A4A761795318}.Release|Any CPU.Build.0 = Release|Any CPU
		{21727476-EBF6-4DA4-9F24-A4A761795318}.Release|Any CPU.Deploy.0 = Release|Any CPU
		{4C4E993F-DDAA-4CDF-8CAC-F1DE98D9E70D}.Debug|Any CPU.ActiveCfg = Debug|Any CPU
		{4C4E993F-DDAA-4CDF-8CAC-F1DE98D9E70D}.Debug|Any CPU.Build.0 = Debug|Any CPU
		{4C4E993F-DDAA-4CDF-8CAC-F1DE98D9E70D}.Release|Any CPU.ActiveCfg = Release|Any CPU
		{4C4E993F-DDAA-4CDF-8CAC-F1DE98D9E70D}.Release|Any CPU.Build.0 = Release|Any CPU
		{228C6FFC-078F-482B-8B8C-CC8266D3FC3C}.Debug|Any CPU.ActiveCfg = Debug|Any CPU
		{228C6FFC-078F-482B-8B8C-CC8266D3FC3C}.Debug|Any CPU.Build.0 = Debug|Any CPU
		{228C6FFC-078F-482B-8B8C-CC8266D3FC3C}.Release|Any CPU.ActiveCfg = Release|Any CPU
		{228C6FFC-078F-482B-8B8C-CC8266D3FC3C}.Release|Any CPU.Build.0 = Release|Any CPU
		{1CF0E415-D916-4866-B306-80F3CAA9B487}.Debug|Any CPU.ActiveCfg = Debug|Any CPU
		{1CF0E415-D916-4866-B306-80F3CAA9B487}.Debug|Any CPU.Build.0 = Debug|Any CPU
		{1CF0E415-D916-4866-B306-80F3CAA9B487}.Release|Any CPU.ActiveCfg = Release|Any CPU
		{1CF0E415-D916-4866-B306-80F3CAA9B487}.Release|Any CPU.Build.0 = Release|Any CPU
		{48DBFB0D-7731-402D-B172-76FFA6251858}.Debug|Any CPU.ActiveCfg = Debug|Any CPU
		{48DBFB0D-7731-402D-B172-76FFA6251858}.Debug|Any CPU.Build.0 = Debug|Any CPU
		{48DBFB0D-7731-402D-B172-76FFA6251858}.Release|Any CPU.ActiveCfg = Release|Any CPU
		{48DBFB0D-7731-402D-B172-76FFA6251858}.Release|Any CPU.Build.0 = Release|Any CPU
		{F3DFCACC-3110-4D28-9344-2C47923DA332}.Debug|Any CPU.ActiveCfg = Debug|Any CPU
		{F3DFCACC-3110-4D28-9344-2C47923DA332}.Debug|Any CPU.Build.0 = Debug|Any CPU
		{F3DFCACC-3110-4D28-9344-2C47923DA332}.Release|Any CPU.ActiveCfg = Release|Any CPU
		{F3DFCACC-3110-4D28-9344-2C47923DA332}.Release|Any CPU.Build.0 = Release|Any CPU
		{E9D31C50-F5A9-497A-B9CC-3F3D1AED740E}.Debug|Any CPU.ActiveCfg = Debug|Any CPU
		{E9D31C50-F5A9-497A-B9CC-3F3D1AED740E}.Debug|Any CPU.Build.0 = Debug|Any CPU
		{E9D31C50-F5A9-497A-B9CC-3F3D1AED740E}.Debug|Any CPU.Deploy.0 = Debug|Any CPU
		{E9D31C50-F5A9-497A-B9CC-3F3D1AED740E}.Release|Any CPU.ActiveCfg = Release|Any CPU
		{E9D31C50-F5A9-497A-B9CC-3F3D1AED740E}.Release|Any CPU.Build.0 = Release|Any CPU
		{E9D31C50-F5A9-497A-B9CC-3F3D1AED740E}.Release|Any CPU.Deploy.0 = Release|Any CPU
		{F3A188FE-33DA-4C48-8F46-406212B0DD5B}.Debug|Any CPU.ActiveCfg = Debug|Any CPU
		{F3A188FE-33DA-4C48-8F46-406212B0DD5B}.Debug|Any CPU.Build.0 = Debug|Any CPU
		{F3A188FE-33DA-4C48-8F46-406212B0DD5B}.Debug|Any CPU.Deploy.0 = Debug|Any CPU
		{F3A188FE-33DA-4C48-8F46-406212B0DD5B}.Release|Any CPU.ActiveCfg = Release|Any CPU
		{F3A188FE-33DA-4C48-8F46-406212B0DD5B}.Release|Any CPU.Build.0 = Release|Any CPU
		{F3A188FE-33DA-4C48-8F46-406212B0DD5B}.Release|Any CPU.Deploy.0 = Release|Any CPU
		{9939494A-A7E1-473C-AF0A-1A4851F21245}.Debug|Any CPU.ActiveCfg = Debug|Any CPU
		{9939494A-A7E1-473C-AF0A-1A4851F21245}.Debug|Any CPU.Build.0 = Debug|Any CPU
		{9939494A-A7E1-473C-AF0A-1A4851F21245}.Release|Any CPU.ActiveCfg = Release|Any CPU
		{9939494A-A7E1-473C-AF0A-1A4851F21245}.Release|Any CPU.Build.0 = Release|Any CPU
		{A0E144EA-6831-4BBD-B9E1-0947729784B0}.Debug|Any CPU.ActiveCfg = Debug|Any CPU
		{A0E144EA-6831-4BBD-B9E1-0947729784B0}.Debug|Any CPU.Build.0 = Debug|Any CPU
		{A0E144EA-6831-4BBD-B9E1-0947729784B0}.Release|Any CPU.ActiveCfg = Release|Any CPU
		{A0E144EA-6831-4BBD-B9E1-0947729784B0}.Release|Any CPU.Build.0 = Release|Any CPU
	EndGlobalSection
	GlobalSection(SolutionProperties) = preSolution
		HideSolutionNode = FALSE
	EndGlobalSection
	GlobalSection(NestedProjects) = preSolution
		{B0AA36E1-7C9F-433C-81B1-C2B6DB0E2C30} = {986C9AC4-AC83-44F2-8F30-1750F66AEE35}
		{59ACB6F7-A5A2-4532-9296-E06804D0C7CF} = {98CB5F4C-4203-4872-A647-33EE5C4DD8BA}
		{F2CCD111-1606-4D20-A9F6-27FE0BB71AC6} = {7285065D-9C44-478D-9098-9A1E2A83C5F2}
		{3AECE02D-E791-4B1A-94D6-A50AC4040ADA} = {98CB5F4C-4203-4872-A647-33EE5C4DD8BA}
		{B6AEB073-EEC0-4672-818C-547F754DDB7C} = {98CB5F4C-4203-4872-A647-33EE5C4DD8BA}
		{3B764F47-B524-48C0-9512-B03A4F804B16} = {D72FFA1C-E27D-4DD4-B86C-319C80BD94EB}
		{21727476-EBF6-4DA4-9F24-A4A761795318} = {E7E3E5DB-2066-4D11-AF18-75234F7E621D}
		{4C4E993F-DDAA-4CDF-8CAC-F1DE98D9E70D} = {986C9AC4-AC83-44F2-8F30-1750F66AEE35}
		{228C6FFC-078F-482B-8B8C-CC8266D3FC3C} = {D77F5573-6777-4CF8-BBDA-7B094BD79397}
		{1CF0E415-D916-4866-B306-80F3CAA9B487} = {041FA24C-5985-40F3-AA4E-AC5026B2EC0D}
		{48DBFB0D-7731-402D-B172-76FFA6251858} = {D77F5573-6777-4CF8-BBDA-7B094BD79397}
		{F3DFCACC-3110-4D28-9344-2C47923DA332} = {041FA24C-5985-40F3-AA4E-AC5026B2EC0D}
		{E9D31C50-F5A9-497A-B9CC-3F3D1AED740E} = {E7E3E5DB-2066-4D11-AF18-75234F7E621D}
		{F3A188FE-33DA-4C48-8F46-406212B0DD5B} = {E7E3E5DB-2066-4D11-AF18-75234F7E621D}
		{9939494A-A7E1-473C-AF0A-1A4851F21245} = {D77F5573-6777-4CF8-BBDA-7B094BD79397}
		{A0E144EA-6831-4BBD-B9E1-0947729784B0} = {D77F5573-6777-4CF8-BBDA-7B094BD79397}
	EndGlobalSection
EndGlobal
